// !$*UTF8*$!
{
	archiveVersion = 1;
	classes = {
	};
	objectVersion = 77;
	objects = {

/* Begin PBXContainerItemProxy section */
		A990DA432E75E256005F6DA4 /* PBXContainerItemProxy */ = {
			isa = PBXContainerItemProxy;
			containerPortal = A990DA242E75E254005F6DA4 /* Project object */;
			proxyType = 1;
			remoteGlobalIDString = A990DA2B2E75E254005F6DA4;
			remoteInfo = Details;
		};
		A990DA4D2E75E256005F6DA4 /* PBXContainerItemProxy */ = {
			isa = PBXContainerItemProxy;
			containerPortal = A990DA242E75E254005F6DA4 /* Project object */;
			proxyType = 1;
			remoteGlobalIDString = A990DA2B2E75E254005F6DA4;
			remoteInfo = Details;
		};
/* End PBXContainerItemProxy section */

/* Begin PBXFileReference section */
		A990DA2C2E75E254005F6DA4 /* Details-iOS-App.app */ = {isa = PBXFileReference; explicitFileType = wrapper.application; includeInIndex = 0; path = "Details-iOS-App.app"; sourceTree = BUILT_PRODUCTS_DIR; };
		A990DA422E75E256005F6DA4 /* Details-iOS-AppTests.xctest */ = {isa = PBXFileReference; explicitFileType = wrapper.cfbundle; includeInIndex = 0; path = "Details-iOS-AppTests.xctest"; sourceTree = BUILT_PRODUCTS_DIR; };
		A990DA4C2E75E256005F6DA4 /* Details-iOS-AppUITests.xctest */ = {isa = PBXFileReference; explicitFileType = wrapper.cfbundle; includeInIndex = 0; path = "Details-iOS-AppUITests.xctest"; sourceTree = BUILT_PRODUCTS_DIR; };
/* End PBXFileReference section */

/* Begin PBXFileSystemSynchronizedBuildFileExceptionSet section */
		A990DA542E75E256005F6DA4 /* Exceptions for "Details" folder in "Details-iOS-App" target */ = {
			isa = PBXFileSystemSynchronizedBuildFileExceptionSet;
			membershipExceptions = (
				Info.plist,
			);
			target = A990DA2B2E75E254005F6DA4 /* Details-iOS-App */;
		};
/* End PBXFileSystemSynchronizedBuildFileExceptionSet section */

/* Begin PBXFileSystemSynchronizedRootGroup section */
		A990DA2E2E75E254005F6DA4 /* Details */ = {
			isa = PBXFileSystemSynchronizedRootGroup;
			exceptions = (
				A990DA542E75E256005F6DA4 /* Exceptions for "Details" folder in "Details-iOS-App" target */,
			);
			path = Details;
			sourceTree = "<group>";
		};
		A990DA452E75E256005F6DA4 /* DetailsTests */ = {
			isa = PBXFileSystemSynchronizedRootGroup;
			path = DetailsTests;
			sourceTree = "<group>";
		};
		A990DA4F2E75E256005F6DA4 /* DetailsUITests */ = {
			isa = PBXFileSystemSynchronizedRootGroup;
			path = DetailsUITests;
			sourceTree = "<group>";
		};
/* End PBXFileSystemSynchronizedRootGroup section */

/* Begin PBXFrameworksBuildPhase section */
		A990DA292E75E254005F6DA4 /* Frameworks */ = {
			isa = PBXFrameworksBuildPhase;
			buildActionMask = 2147483647;
			files = (
			);
			runOnlyForDeploymentPostprocessing = 0;
		};
		A990DA3F2E75E256005F6DA4 /* Frameworks */ = {
			isa = PBXFrameworksBuildPhase;
			buildActionMask = 2147483647;
			files = (
			);
			runOnlyForDeploymentPostprocessing = 0;
		};
		A990DA492E75E256005F6DA4 /* Frameworks */ = {
			isa = PBXFrameworksBuildPhase;
			buildActionMask = 2147483647;
			files = (
			);
			runOnlyForDeploymentPostprocessing = 0;
		};
/* End PBXFrameworksBuildPhase section */

/* Begin PBXGroup section */
		A990DA232E75E254005F6DA4 = {
			isa = PBXGroup;
			children = (
				A990DA2E2E75E254005F6DA4 /* Details */,
				A990DA452E75E256005F6DA4 /* DetailsTests */,
				A990DA4F2E75E256005F6DA4 /* DetailsUITests */,
				A990DA2D2E75E254005F6DA4 /* Products */,
			);
			sourceTree = "<group>";
		};
		A990DA2D2E75E254005F6DA4 /* Products */ = {
			isa = PBXGroup;
			children = (
				A990DA2C2E75E254005F6DA4 /* Details-iOS-App.app */,
				A990DA422E75E256005F6DA4 /* Details-iOS-AppTests.xctest */,
				A990DA4C2E75E256005F6DA4 /* Details-iOS-AppUITests.xctest */,
			);
			name = Products;
			sourceTree = "<group>";
		};
/* End PBXGroup section */

/* Begin PBXNativeTarget section */
		A990DA2B2E75E254005F6DA4 /* Details-iOS-App */ = {
			isa = PBXNativeTarget;
			buildConfigurationList = A990DA552E75E256005F6DA4 /* Build configuration list for PBXNativeTarget "Details-iOS-App" */;
			buildPhases = (
				A990DA282E75E254005F6DA4 /* Sources */,
				A990DA292E75E254005F6DA4 /* Frameworks */,
				A990DA2A2E75E254005F6DA4 /* Resources */,
			);
			buildRules = (
			);
			dependencies = (
			);
			fileSystemSynchronizedGroups = (
				A990DA2E2E75E254005F6DA4 /* Details */,
			);
			name = "Details-iOS-App";
			packageProductDependencies = (
			);
			productName = Details;
			productReference = A990DA2C2E75E254005F6DA4 /* Details-iOS-App.app */;
			productType = "com.apple.product-type.application";
		};
		A990DA412E75E256005F6DA4 /* Details-iOS-AppTests */ = {
			isa = PBXNativeTarget;
			buildConfigurationList = A990DA5A2E75E256005F6DA4 /* Build configuration list for PBXNativeTarget "Details-iOS-AppTests" */;
			buildPhases = (
				A990DA3E2E75E256005F6DA4 /* Sources */,
				A990DA3F2E75E256005F6DA4 /* Frameworks */,
				A990DA402E75E256005F6DA4 /* Resources */,
			);
			buildRules = (
			);
			dependencies = (
				A990DA442E75E256005F6DA4 /* PBXTargetDependency */,
			);
			fileSystemSynchronizedGroups = (
				A990DA452E75E256005F6DA4 /* DetailsTests */,
			);
			name = "Details-iOS-AppTests";
			packageProductDependencies = (
			);
			productName = DetailsTests;
			productReference = A990DA422E75E256005F6DA4 /* Details-iOS-AppTests.xctest */;
			productType = "com.apple.product-type.bundle.unit-test";
		};
		A990DA4B2E75E256005F6DA4 /* Details-iOS-AppUITests */ = {
			isa = PBXNativeTarget;
			buildConfigurationList = A990DA5D2E75E256005F6DA4 /* Build configuration list for PBXNativeTarget "Details-iOS-AppUITests" */;
			buildPhases = (
				A990DA482E75E256005F6DA4 /* Sources */,
				A990DA492E75E256005F6DA4 /* Frameworks */,
				A990DA4A2E75E256005F6DA4 /* Resources */,
			);
			buildRules = (
			);
			dependencies = (
				A990DA4E2E75E256005F6DA4 /* PBXTargetDependency */,
			);
			fileSystemSynchronizedGroups = (
				A990DA4F2E75E256005F6DA4 /* DetailsUITests */,
			);
			name = "Details-iOS-AppUITests";
			packageProductDependencies = (
			);
			productName = DetailsUITests;
			productReference = A990DA4C2E75E256005F6DA4 /* Details-iOS-AppUITests.xctest */;
			productType = "com.apple.product-type.bundle.ui-testing";
		};
/* End PBXNativeTarget section */

/* Begin PBXProject section */
		A990DA242E75E254005F6DA4 /* Project object */ = {
			isa = PBXProject;
			attributes = {
				BuildIndependentTargetsInParallel = 1;
				LastSwiftUpdateCheck = 1640;
				LastUpgradeCheck = 1640;
				TargetAttributes = {
					A990DA2B2E75E254005F6DA4 = {
						CreatedOnToolsVersion = 16.4;
					};
					A990DA412E75E256005F6DA4 = {
						CreatedOnToolsVersion = 16.4;
						TestTargetID = A990DA2B2E75E254005F6DA4;
					};
					A990DA4B2E75E256005F6DA4 = {
						CreatedOnToolsVersion = 16.4;
						TestTargetID = A990DA2B2E75E254005F6DA4;
					};
				};
			};
			buildConfigurationList = A990DA272E75E254005F6DA4 /* Build configuration list for PBXProject "Details-iOS-App" */;
			developmentRegion = en;
			hasScannedForEncodings = 0;
			knownRegions = (
				en,
				Base,
			);
			mainGroup = A990DA232E75E254005F6DA4;
			minimizedProjectReferenceProxies = 1;
			preferredProjectObjectVersion = 77;
			productRefGroup = A990DA2D2E75E254005F6DA4 /* Products */;
			projectDirPath = "";
			projectRoot = "";
			targets = (
				A990DA2B2E75E254005F6DA4 /* Details-iOS-App */,
				A990DA412E75E256005F6DA4 /* Details-iOS-AppTests */,
				A990DA4B2E75E256005F6DA4 /* Details-iOS-AppUITests */,
			);
		};
/* End PBXProject section */

/* Begin PBXResourcesBuildPhase section */
		A990DA2A2E75E254005F6DA4 /* Resources */ = {
			isa = PBXResourcesBuildPhase;
			buildActionMask = 2147483647;
			files = (
			);
			runOnlyForDeploymentPostprocessing = 0;
		};
		A990DA402E75E256005F6DA4 /* Resources */ = {
			isa = PBXResourcesBuildPhase;
			buildActionMask = 2147483647;
			files = (
			);
			runOnlyForDeploymentPostprocessing = 0;
		};
		A990DA4A2E75E256005F6DA4 /* Resources */ = {
			isa = PBXResourcesBuildPhase;
			buildActionMask = 2147483647;
			files = (
			);
			runOnlyForDeploymentPostprocessing = 0;
		};
/* End PBXResourcesBuildPhase section */

/* Begin PBXSourcesBuildPhase section */
		A990DA282E75E254005F6DA4 /* Sources */ = {
			isa = PBXSourcesBuildPhase;
			buildActionMask = 2147483647;
			files = (
			);
			runOnlyForDeploymentPostprocessing = 0;
		};
		A990DA3E2E75E256005F6DA4 /* Sources */ = {
			isa = PBXSourcesBuildPhase;
			buildActionMask = 2147483647;
			files = (
			);
			runOnlyForDeploymentPostprocessing = 0;
		};
		A990DA482E75E256005F6DA4 /* Sources */ = {
			isa = PBXSourcesBuildPhase;
			buildActionMask = 2147483647;
			files = (
			);
			runOnlyForDeploymentPostprocessing = 0;
		};
/* End PBXSourcesBuildPhase section */

/* Begin PBXTargetDependency section */
		A990DA442E75E256005F6DA4 /* PBXTargetDependency */ = {
			isa = PBXTargetDependency;
			target = A990DA2B2E75E254005F6DA4 /* Details-iOS-App */;
			targetProxy = A990DA432E75E256005F6DA4 /* PBXContainerItemProxy */;
		};
		A990DA4E2E75E256005F6DA4 /* PBXTargetDependency */ = {
			isa = PBXTargetDependency;
			target = A990DA2B2E75E254005F6DA4 /* Details-iOS-App */;
			targetProxy = A990DA4D2E75E256005F6DA4 /* PBXContainerItemProxy */;
		};
/* End PBXTargetDependency section */

/* Begin XCBuildConfiguration section */
		A990DA562E75E256005F6DA4 /* Debug */ = {
			isa = XCBuildConfiguration;
			buildSettings = {
				ASSETCATALOG_COMPILER_APPICON_NAME = AppIcon;
				ASSETCATALOG_COMPILER_GLOBAL_ACCENT_COLOR_NAME = AccentColor;
				CODE_SIGN_STYLE = Automatic;
				CURRENT_PROJECT_VERSION = 1;
				GENERATE_INFOPLIST_FILE = YES;
				INFOPLIST_FILE = Details/Info.plist;
				INFOPLIST_KEY_UIApplicationSupportsIndirectInputEvents = YES;
				INFOPLIST_KEY_UILaunchStoryboardName = LaunchScreen;
				INFOPLIST_KEY_UIMainStoryboardFile = Main;
				INFOPLIST_KEY_UISupportedInterfaceOrientations_iPad = "UIInterfaceOrientationPortrait UIInterfaceOrientationPortraitUpsideDown UIInterfaceOrientationLandscapeLeft UIInterfaceOrientationLandscapeRight";
				INFOPLIST_KEY_UISupportedInterfaceOrientations_iPhone = "UIInterfaceOrientationPortrait UIInterfaceOrientationLandscapeLeft UIInterfaceOrientationLandscapeRight";
				LD_RUNPATH_SEARCH_PATHS = (
					"$(inherited)",
					"@executable_path/Frameworks",
				);
				MARKETING_VERSION = 1.0;
				PRODUCT_BUNDLE_IDENTIFIER = com.Tejasv.Details.Details;
				PRODUCT_NAME = "$(TARGET_NAME)";
				SWIFT_EMIT_LOC_STRINGS = YES;
				SWIFT_VERSION = 5.0;
				TARGETED_DEVICE_FAMILY = "1,2";
			};
			name = Debug;
		};
		A990DA572E75E256005F6DA4 /* Release */ = {
			isa = XCBuildConfiguration;
			buildSettings = {
				ASSETCATALOG_COMPILER_APPICON_NAME = AppIcon;
				ASSETCATALOG_COMPILER_GLOBAL_ACCENT_COLOR_NAME = AccentColor;
				CODE_SIGN_STYLE = Automatic;
				CURRENT_PROJECT_VERSION = 1;
				GENERATE_INFOPLIST_FILE = YES;
				INFOPLIST_FILE = Details/Info.plist;
				INFOPLIST_KEY_UIApplicationSupportsIndirectInputEvents = YES;
				INFOPLIST_KEY_UILaunchStoryboardName = LaunchScreen;
				INFOPLIST_KEY_UIMainStoryboardFile = Main;
				INFOPLIST_KEY_UISupportedInterfaceOrientations_iPad = "UIInterfaceOrientationPortrait UIInterfaceOrientationPortraitUpsideDown UIInterfaceOrientationLandscapeLeft UIInterfaceOrientationLandscapeRight";
				INFOPLIST_KEY_UISupportedInterfaceOrientations_iPhone = "UIInterfaceOrientationPortrait UIInterfaceOrientationLandscapeLeft UIInterfaceOrientationLandscapeRight";
				LD_RUNPATH_SEARCH_PATHS = (
					"$(inherited)",
					"@executable_path/Frameworks",
				);
				MARKETING_VERSION = 1.0;
				PRODUCT_BUNDLE_IDENTIFIER = com.Tejasv.Details.Details;
				PRODUCT_NAME = "$(TARGET_NAME)";
				SWIFT_EMIT_LOC_STRINGS = YES;
				SWIFT_VERSION = 5.0;
				TARGETED_DEVICE_FAMILY = "1,2";
			};
			name = Release;
		};
		A990DA582E75E256005F6DA4 /* Debug */ = {
			isa = XCBuildConfiguration;
			buildSettings = {
				ALWAYS_SEARCH_USER_PATHS = NO;
				ASSETCATALOG_COMPILER_GENERATE_SWIFT_ASSET_SYMBOL_EXTENSIONS = YES;
				CLANG_ANALYZER_NONNULL = YES;
				CLANG_ANALYZER_NUMBER_OBJECT_CONVERSION = YES_AGGRESSIVE;
				CLANG_CXX_LANGUAGE_STANDARD = "gnu++20";
				CLANG_ENABLE_MODULES = YES;
				CLANG_ENABLE_OBJC_ARC = YES;
				CLANG_ENABLE_OBJC_WEAK = YES;
				CLANG_WARN_BLOCK_CAPTURE_AUTORELEASING = YES;
				CLANG_WARN_BOOL_CONVERSION = YES;
				CLANG_WARN_COMMA = YES;
				CLANG_WARN_CONSTANT_CONVERSION = YES;
				CLANG_WARN_DEPRECATED_OBJC_IMPLEMENTATIONS = YES;
				CLANG_WARN_DIRECT_OBJC_ISA_USAGE = YES_ERROR;
				CLANG_WARN_DOCUMENTATION_COMMENTS = YES;
				CLANG_WARN_EMPTY_BODY = YES;
				CLANG_WARN_ENUM_CONVERSION = YES;
				CLANG_WARN_INFINITE_RECURSION = YES;
				CLANG_WARN_INT_CONVERSION = YES;
				CLANG_WARN_NON_LITERAL_NULL_CONVERSION = YES;
				CLANG_WARN_OBJC_IMPLICIT_RETAIN_SELF = YES;
				CLANG_WARN_OBJC_LITERAL_CONVERSION = YES;
				CLANG_WARN_OBJC_ROOT_CLASS = YES_ERROR;
				CLANG_WARN_QUOTED_INCLUDE_IN_FRAMEWORK_HEADER = YES;
				CLANG_WARN_RANGE_LOOP_ANALYSIS = YES;
				CLANG_WARN_STRICT_PROTOTYPES = YES;
				CLANG_WARN_SUSPICIOUS_MOVE = YES;
				CLANG_WARN_UNGUARDED_AVAILABILITY = YES_AGGRESSIVE;
				CLANG_WARN_UNREACHABLE_CODE = YES;
				CLANG_WARN__DUPLICATE_METHOD_MATCH = YES;
				COPY_PHASE_STRIP = NO;
				DEBUG_INFORMATION_FORMAT = dwarf;
				ENABLE_STRICT_OBJC_MSGSEND = YES;
				ENABLE_TESTABILITY = YES;
				ENABLE_USER_SCRIPT_SANDBOXING = YES;
				GCC_C_LANGUAGE_STANDARD = gnu17;
				GCC_DYNAMIC_NO_PIC = NO;
				GCC_NO_COMMON_BLOCKS = YES;
				GCC_OPTIMIZATION_LEVEL = 0;
				GCC_PREPROCESSOR_DEFINITIONS = (
					"DEBUG=1",
					"$(inherited)",
				);
				GCC_WARN_64_TO_32_BIT_CONVERSION = YES;
				GCC_WARN_ABOUT_RETURN_TYPE = YES_ERROR;
				GCC_WARN_UNDECLARED_SELECTOR = YES;
				GCC_WARN_UNINITIALIZED_AUTOS = YES_AGGRESSIVE;
				GCC_WARN_UNUSED_FUNCTION = YES;
				GCC_WARN_UNUSED_VARIABLE = YES;
				IPHONEOS_DEPLOYMENT_TARGET = 18.5;
				LOCALIZATION_PREFERS_STRING_CATALOGS = YES;
				MTL_ENABLE_DEBUG_INFO = INCLUDE_SOURCE;
				MTL_FAST_MATH = YES;
				ONLY_ACTIVE_ARCH = YES;
				SDKROOT = iphoneos;
				SWIFT_ACTIVE_COMPILATION_CONDITIONS = "DEBUG $(inherited)";
				SWIFT_OPTIMIZATION_LEVEL = "-Onone";
			};
			name = Debug;
		};
		A990DA592E75E256005F6DA4 /* Release */ = {
			isa = XCBuildConfiguration;
			buildSettings = {
				ALWAYS_SEARCH_USER_PATHS = NO;
				ASSETCATALOG_COMPILER_GENERATE_SWIFT_ASSET_SYMBOL_EXTENSIONS = YES;
				CLANG_ANALYZER_NONNULL = YES;
				CLANG_ANALYZER_NUMBER_OBJECT_CONVERSION = YES_AGGRESSIVE;
				CLANG_CXX_LANGUAGE_STANDARD = "gnu++20";
				CLANG_ENABLE_MODULES = YES;
				CLANG_ENABLE_OBJC_ARC = YES;
				CLANG_ENABLE_OBJC_WEAK = YES;
				CLANG_WARN_BLOCK_CAPTURE_AUTORELEASING = YES;
				CLANG_WARN_BOOL_CONVERSION = YES;
				CLANG_WARN_COMMA = YES;
				CLANG_WARN_CONSTANT_CONVERSION = YES;
				CLANG_WARN_DEPRECATED_OBJC_IMPLEMENTATIONS = YES;
				CLANG_WARN_DIRECT_OBJC_ISA_USAGE = YES_ERROR;
				CLANG_WARN_DOCUMENTATION_COMMENTS = YES;
				CLANG_WARN_EMPTY_BODY = YES;
				CLANG_WARN_ENUM_CONVERSION = YES;
				CLANG_WARN_INFINITE_RECURSION = YES;
				CLANG_WARN_INT_CONVERSION = YES;
				CLANG_WARN_NON_LITERAL_NULL_CONVERSION = YES;
				CLANG_WARN_OBJC_IMPLICIT_RETAIN_SELF = YES;
				CLANG_WARN_OBJC_LITERAL_CONVERSION = YES;
				CLANG_WARN_OBJC_ROOT_CLASS = YES_ERROR;
				CLANG_WARN_QUOTED_INCLUDE_IN_FRAMEWORK_HEADER = YES;
				CLANG_WARN_RANGE_LOOP_ANALYSIS = YES;
				CLANG_WARN_STRICT_PROTOTYPES = YES;
				CLANG_WARN_SUSPICIOUS_MOVE = YES;
				CLANG_WARN_UNGUARDED_AVAILABILITY = YES_AGGRESSIVE;
				CLANG_WARN_UNREACHABLE_CODE = YES;
				CLANG_WARN__DUPLICATE_METHOD_MATCH = YES;
				COPY_PHASE_STRIP = NO;
				DEBUG_INFORMATION_FORMAT = "dwarf-with-dsym";
				ENABLE_NS_ASSERTIONS = NO;
				ENABLE_STRICT_OBJC_MSGSEND = YES;
				ENABLE_USER_SCRIPT_SANDBOXING = YES;
				GCC_C_LANGUAGE_STANDARD = gnu17;
				GCC_NO_COMMON_BLOCKS = YES;
				GCC_WARN_64_TO_32_BIT_CONVERSION = YES;
				GCC_WARN_ABOUT_RETURN_TYPE = YES_ERROR;
				GCC_WARN_UNDECLARED_SELECTOR = YES;
				GCC_WARN_UNINITIALIZED_AUTOS = YES_AGGRESSIVE;
				GCC_WARN_UNUSED_FUNCTION = YES;
				GCC_WARN_UNUSED_VARIABLE = YES;
				IPHONEOS_DEPLOYMENT_TARGET = 18.5;
				LOCALIZATION_PREFERS_STRING_CATALOGS = YES;
				MTL_ENABLE_DEBUG_INFO = NO;
				MTL_FAST_MATH = YES;
				SDKROOT = iphoneos;
				SWIFT_COMPILATION_MODE = wholemodule;
				VALIDATE_PRODUCT = YES;
			};
			name = Release;
		};
		A990DA5B2E75E256005F6DA4 /* Debug */ = {
			isa = XCBuildConfiguration;
			buildSettings = {
				BUNDLE_LOADER = "$(TEST_HOST)";
				CODE_SIGN_STYLE = Automatic;
				CURRENT_PROJECT_VERSION = 1;
				GENERATE_INFOPLIST_FILE = YES;
				IPHONEOS_DEPLOYMENT_TARGET = 18.5;
				MARKETING_VERSION = 1.0;
				PRODUCT_BUNDLE_IDENTIFIER = com.Tejasv.Details.DetailsTests;
				PRODUCT_NAME = "$(TARGET_NAME)";
				SWIFT_EMIT_LOC_STRINGS = NO;
				SWIFT_VERSION = 5.0;
				TARGETED_DEVICE_FAMILY = "1,2";
				TEST_HOST = "$(BUILT_PRODUCTS_DIR)/Details-iOS-App.app/$(BUNDLE_EXECUTABLE_FOLDER_PATH)/Details-iOS-App";
			};
			name = Debug;
		};
		A990DA5C2E75E256005F6DA4 /* Release */ = {
			isa = XCBuildConfiguration;
			buildSettings = {
				BUNDLE_LOADER = "$(TEST_HOST)";
				CODE_SIGN_STYLE = Automatic;
				CURRENT_PROJECT_VERSION = 1;
				GENERATE_INFOPLIST_FILE = YES;
				IPHONEOS_DEPLOYMENT_TARGET = 18.5;
				MARKETING_VERSION = 1.0;
				PRODUCT_BUNDLE_IDENTIFIER = com.Tejasv.Details.DetailsTests;
				PRODUCT_NAME = "$(TARGET_NAME)";
				SWIFT_EMIT_LOC_STRINGS = NO;
				SWIFT_VERSION = 5.0;
				TARGETED_DEVICE_FAMILY = "1,2";
				TEST_HOST = "$(BUILT_PRODUCTS_DIR)/Details-iOS-App.app/$(BUNDLE_EXECUTABLE_FOLDER_PATH)/Details-iOS-App";
			};
			name = Release;
		};
		A990DA5E2E75E256005F6DA4 /* Debug */ = {
			isa = XCBuildConfiguration;
			buildSettings = {
				CODE_SIGN_STYLE = Automatic;
				CURRENT_PROJECT_VERSION = 1;
				GENERATE_INFOPLIST_FILE = YES;
				MARKETING_VERSION = 1.0;
				PRODUCT_BUNDLE_IDENTIFIER = com.Tejasv.Details.DetailsUITests;
				PRODUCT_NAME = "$(TARGET_NAME)";
				SWIFT_EMIT_LOC_STRINGS = NO;
				SWIFT_VERSION = 5.0;
				TARGETED_DEVICE_FAMILY = "1,2";
				TEST_TARGET_NAME = Details;
			};
			name = Debug;
		};
		A990DA5F2E75E256005F6DA4 /* Release */ = {
			isa = XCBuildConfiguration;
			buildSettings = {
				CODE_SIGN_STYLE = Automatic;
				CURRENT_PROJECT_VERSION = 1;
				GENERATE_INFOPLIST_FILE = YES;
				MARKETING_VERSION = 1.0;
				PRODUCT_BUNDLE_IDENTIFIER = com.Tejasv.Details.DetailsUITests;
				PRODUCT_NAME = "$(TARGET_NAME)";
				SWIFT_EMIT_LOC_STRINGS = NO;
				SWIFT_VERSION = 5.0;
				TARGETED_DEVICE_FAMILY = "1,2";
				TEST_TARGET_NAME = Details;
			};
			name = Release;
		};
/* End XCBuildConfiguration section */

/* Begin XCConfigurationList section */
		A990DA272E75E254005F6DA4 /* Build configuration list for PBXProject "Details-iOS-App" */ = {
			isa = XCConfigurationList;
			buildConfigurations = (
				A990DA582E75E256005F6DA4 /* Debug */,
				A990DA592E75E256005F6DA4 /* Release */,
			);
			defaultConfigurationIsVisible = 0;
			defaultConfigurationName = Release;
		};
		A990DA552E75E256005F6DA4 /* Build configuration list for PBXNativeTarget "Details-iOS-App" */ = {
			isa = XCConfigurationList;
			buildConfigurations = (
				A990DA562E75E256005F6DA4 /* Debug */,
				A990DA572E75E256005F6DA4 /* Release */,
			);
			defaultConfigurationIsVisible = 0;
			defaultConfigurationName = Release;
		};
		A990DA5A2E75E256005F6DA4 /* Build configuration list for PBXNativeTarget "Details-iOS-AppTests" */ = {
			isa = XCConfigurationList;
			buildConfigurations = (
				A990DA5B2E75E256005F6DA4 /* Debug */,
				A990DA5C2E75E256005F6DA4 /* Release */,
			);
			defaultConfigurationIsVisible = 0;
			defaultConfigurationName = Release;
		};
		A990DA5D2E75E256005F6DA4 /* Build configuration list for PBXNativeTarget "Details-iOS-AppUITests" */ = {
			isa = XCConfigurationList;
			buildConfigurations = (
				A990DA5E2E75E256005F6DA4 /* Debug */,
				A990DA5F2E75E256005F6DA4 /* Release */,
			);
			defaultConfigurationIsVisible = 0;
			defaultConfigurationName = Release;
		};
/* End XCConfigurationList section */
	};
	rootObject = A990DA242E75E254005F6DA4 /* Project object */;
}
